dependencies:
  atanisoft/esp_lcd_ili9488:
    component_hash: 45d4c19647801a7000f9106b39127576fb58bd623fb13c1453071190c6f0b8e3
    dependencies:
    - name: idf
      require: private
      version: '>=4.4.2'
    source:
      registry_url: https://components.espressif.com/
      type: service
    version: 1.1.0
  espressif/cjson:
    component_hash: 002c6d1872ee4c97d333938ebe107a29841cc847f9de89e676714bd2844057ea
    dependencies:
    - name: idf
      require: private
      version: '>=5.0'
    source:
      registry_url: https://components.espressif.com/
      type: service
    version: 1.7.19~1
  espressif/esp_lvgl_port:
    component_hash: b6360960f47b6776462e7092861b3ea66477ffb762a01baa0aecbb3d74cd50f4
    dependencies:
    - name: idf
      require: private
      version: '>=5.1'
    - name: lvgl/lvgl
      registry_url: https://components.espressif.com
      require: public
      version: '>=8,<10'
    source:
      registry_url: https://components.espressif.com/
      type: service
    version: 2.7.2
  espressif/led_strip:
    component_hash: 28621486f77229aaf81c71f5e15d6fbf36c2949cf11094e07090593e659e7639
    dependencies:
    - name: idf
      require: private
      version: '>=5.0'
    source:
      registry_url: https://components.espressif.com/
      type: service
    version: 3.0.3
  espressif/mqtt:
    component_hash: ffdad5659706b4dc14bc63f8eb73ef765efa015bf7e9adf71c813d52a2dc9342
    dependencies:
    - name: idf
      require: private
      version: '>=5.3'
    source:
      registry_url: https://components.espressif.com/
      type: service
    version: 1.0.0
  idf:
    source:
      type: idf
    version: 6.1.0
  lvgl/lvgl:
    component_hash: 096c69af22eaf8a2b721e3913da91918c5e6bf1a762a113ec01f401aa61337a0
    dependencies: []
    source:
      registry_url: https://components.espressif.com/
      type: service
    version: 9.2.2
direct_dependencies:
- atanisoft/esp_lcd_ili9488
- espressif/cjson
- espressif/esp_lvgl_port
- espressif/led_strip
- espressif/mqtt
- idf
- lvgl/lvgl
manifest_hash: 3d01010b431db10dacd29812f72237a00bdc6849db4e1b6b122aafd1f490a05e
target: esp32s3
version: 2.0.0
